
Microsoft Visual Studio Solution File, Format Version 12.00
# Visual Studio 15
VisualStudioVersion = 15.0.26124.0
MinimumVisualStudioVersion = 15.0.26124.0
Project("{FAE04EC0-301F-11D3-BF4B-00C04F79EFBC}") = "EstruturaDoPrograma", "01-EstruturaDoPrograma\EstruturaDoPrograma.csproj", "{67258C5E-3445-4639-888C-8A69BBD38033}"
EndProject
Project("{FAE04EC0-301F-11D3-BF4B-00C04F79EFBC}") = "Instrucoes", "02-Instrucoes\Instrucoes.csproj", "{97194CEC-C8C6-4A06-928D-ED01DE620EC9}"
EndProject
Project("{FAE04EC0-301F-11D3-BF4B-00C04F79EFBC}") = "Classes", "03-Classes\Classes.csproj", "{653A1D1D-7690-47A8-892F-11E07CABC4F1}"
EndProject
Project("{FAE04EC0-301F-11D3-BF4B-00C04F79EFBC}") = "Revisao", "04-Revisao\Revisao.csproj", "{61FC67C6-BA3F-4567-AFC0-4569F75CF841}"
EndProject
Global
	GlobalSection(SolutionConfigurationPlatforms) = preSolution
		Debug|Any CPU = Debug|Any CPU
		Debug|x64 = Debug|x64
		Debug|x86 = Debug|x86
		Release|Any CPU = Release|Any CPU
		Release|x64 = Release|x64
		Release|x86 = Release|x86
	EndGlobalSection
	GlobalSection(SolutionProperties) = preSolution
		HideSolutionNode = FALSE
	EndGlobalSection
	GlobalSection(ProjectConfigurationPlatforms) = postSolution
		{67258C5E-3445-4639-888C-8A69BBD38033}.Debug|Any CPU.ActiveCfg = Debug|Any CPU
		{67258C5E-3445-4639-888C-8A69BBD38033}.Debug|Any CPU.Build.0 = Debug|Any CPU
		{67258C5E-3445-4639-888C-8A69BBD38033}.Debug|x64.ActiveCfg = Debug|Any CPU
		{67258C5E-3445-4639-888C-8A69BBD38033}.Debug|x64.Build.0 = Debug|Any CPU
		{67258C5E-3445-4639-888C-8A69BBD38033}.Debug|x86.ActiveCfg = Debug|Any CPU
		{67258C5E-3445-4639-888C-8A69BBD38033}.Debug|x86.Build.0 = Debug|Any CPU
		{67258C5E-3445-4639-888C-8A69BBD38033}.Release|Any CPU.ActiveCfg = Release|Any CPU
		{67258C5E-3445-4639-888C-8A69BBD38033}.Release|Any CPU.Build.0 = Release|Any CPU
		{67258C5E-3445-4639-888C-8A69BBD38033}.Release|x64.ActiveCfg = Release|Any CPU
		{67258C5E-3445-4639-888C-8A69BBD38033}.Release|x64.Build.0 = Release|Any CPU
		{67258C5E-3445-4639-888C-8A69BBD38033}.Release|x86.ActiveCfg = Release|Any CPU
		{67258C5E-3445-4639-888C-8A69BBD38033}.Release|x86.Build.0 = Release|Any CPU
		{97194CEC-C8C6-4A06-928D-ED01DE620EC9}.Debug|Any CPU.ActiveCfg = Debug|Any CPU
		{97194CEC-C8C6-4A06-928D-ED01DE620EC9}.Debug|Any CPU.Build.0 = Debug|Any CPU
		{97194CEC-C8C6-4A06-928D-ED01DE620EC9}.Debug|x64.ActiveCfg = Debug|Any CPU
		{97194CEC-C8C6-4A06-928D-ED01DE620EC9}.Debug|x64.Build.0 = Debug|Any CPU
		{97194CEC-C8C6-4A06-928D-ED01DE620EC9}.Debug|x86.ActiveCfg = Debug|Any CPU
		{97194CEC-C8C6-4A06-928D-ED01DE620EC9}.Debug|x86.Build.0 = Debug|Any CPU
		{97194CEC-C8C6-4A06-928D-ED01DE620EC9}.Release|Any CPU.ActiveCfg = Release|Any CPU
		{97194CEC-C8C6-4A06-928D-ED01DE620EC9}.Release|Any CPU.Build.0 = Release|Any CPU
		{97194CEC-C8C6-4A06-928D-ED01DE620EC9}.Release|x64.ActiveCfg = Release|Any CPU
		{97194CEC-C8C6-4A06-928D-ED01DE620EC9}.Release|x64.Build.0 = Release|Any CPU
		{97194CEC-C8C6-4A06-928D-ED01DE620EC9}.Release|x86.ActiveCfg = Release|Any CPU
		{97194CEC-C8C6-4A06-928D-ED01DE620EC9}.Release|x86.Build.0 = Release|Any CPU
		{653A1D1D-7690-47A8-892F-11E07CABC4F1}.Debug|Any CPU.ActiveCfg = Debug|Any CPU
		{653A1D1D-7690-47A8-892F-11E07CABC4F1}.Debug|Any CPU.Build.0 = Debug|Any CPU
		{653A1D1D-7690-47A8-892F-11E07CABC4F1}.Debug|x64.ActiveCfg = Debug|Any CPU
		{653A1D1D-7690-47A8-892F-11E07CABC4F1}.Debug|x64.Build.0 = Debug|Any CPU
		{653A1D1D-7690-47A8-892F-11E07CABC4F1}.Debug|x86.ActiveCfg = Debug|Any CPU
		{653A1D1D-7690-47A8-892F-11E07CABC4F1}.Debug|x86.Build.0 = Debug|Any CPU
		{653A1D1D-7690-47A8-892F-11E07CABC4F1}.Release|Any CPU.ActiveCfg = Release|Any CPU
		{653A1D1D-7690-47A8-892F-11E07CABC4F1}.Release|Any CPU.Build.0 = Release|Any CPU
		{653A1D1D-7690-47A8-892F-11E07CABC4F1}.Release|x64.ActiveCfg = Release|Any CPU
		{653A1D1D-7690-47A8-892F-11E07CABC4F1}.Release|x64.Build.0 = Release|Any CPU
		{653A1D1D-7690-47A8-892F-11E07CABC4F1}.Release|x86.ActiveCfg = Release|Any CPU
		{653A1D1D-7690-47A8-892F-11E07CABC4F1}.Release|x86.Build.0 = Release|Any CPU
		{61FC67C6-BA3F-4567-AFC0-4569F75CF841}.Debug|Any CPU.ActiveCfg = Debug|Any CPU
		{61FC67C6-BA3F-4567-AFC0-4569F75CF841}.Debug|Any CPU.Build.0 = Debug|Any CPU
		{61FC67C6-BA3F-4567-AFC0-4569F75CF841}.Debug|x64.ActiveCfg = Debug|Any CPU
		{61FC67C6-BA3F-4567-AFC0-4569F75CF841}.Debug|x64.Build.0 = Debug|Any CPU
		{61FC67C6-BA3F-4567-AFC0-4569F75CF841}.Debug|x86.ActiveCfg = Debug|Any CPU
		{61FC67C6-BA3F-4567-AFC0-4569F75CF841}.Debug|x86.Build.0 = Debug|Any CPU
		{61FC67C6-BA3F-4567-AFC0-4569F75CF841}.Release|Any CPU.ActiveCfg = Release|Any CPU
		{61FC67C6-BA3F-4567-AFC0-4569F75CF841}.Release|Any CPU.Build.0 = Release|Any CPU
		{61FC67C6-BA3F-4567-AFC0-4569F75CF841}.Release|x64.ActiveCfg = Release|Any CPU
		{61FC67C6-BA3F-4567-AFC0-4569F75CF841}.Release|x64.Build.0 = Release|Any CPU
		{61FC67C6-BA3F-4567-AFC0-4569F75CF841}.Release|x86.ActiveCfg = Release|Any CPU
		{61FC67C6-BA3F-4567-AFC0-4569F75CF841}.Release|x86.Build.0 = Release|Any CPU
	EndGlobalSection
EndGlobal
