
Microsoft Visual Studio Solution File, Format Version 12.00
# Visual Studio Version 16
VisualStudioVersion = 16.0.31624.102
MinimumVisualStudioVersion = 10.0.40219.1
Project("{FAE04EC0-301F-11D3-BF4B-00C04F79EFBC}") = "Aula4_ADS_2NNA", "Aula4_ADS_2NNA\Aula4_ADS_2NNA.csproj", "{8558BDEF-5C7F-413F-8942-9F3D571CEBEB}"
EndProject
Global
	GlobalSection(SolutionConfigurationPlatforms) = preSolution
		Debug|Any CPU = Debug|Any CPU
		Release|Any CPU = Release|Any CPU
	EndGlobalSection
	GlobalSection(ProjectConfigurationPlatforms) = postSolution
		{8558BDEF-5C7F-413F-8942-9F3D571CEBEB}.Debug|Any CPU.ActiveCfg = Debug|Any CPU
		{8558BDEF-5C7F-413F-8942-9F3D571CEBEB}.Debug|Any CPU.Build.0 = Debug|Any CPU
		{8558BDEF-5C7F-413F-8942-9F3D571CEBEB}.Release|Any CPU.ActiveCfg = Release|Any CPU
		{8558BDEF-5C7F-413F-8942-9F3D571CEBEB}.Release|Any CPU.Build.0 = Release|Any CPU
	EndGlobalSection
	GlobalSection(SolutionProperties) = preSolution
		HideSolutionNode = FALSE
	EndGlobalSection
	GlobalSection(ExtensibilityGlobals) = postSolution
		SolutionGuid = {5755949A-2863-4F7F-98EF-EC099D629D12}
	EndGlobalSection
EndGlobal
